<?xml version="1.0" encoding="utf-8"?>
<Project ToolsVersion="4.0" xmlns="http://schemas.microsoft.com/developer/msbuild/2003">
  <ItemGroup>
    <Filter Include="win32">
      <UniqueIdentifier>{84a8ebd7-7cf0-47f6-b75e-d441df67da40}</UniqueIdentifier>
    </Filter>
    <Filter Include="resource">
      <UniqueIdentifier>{715254bc-d70b-4ec5-bf29-467dd3ace079}</UniqueIdentifier>
    </Filter>
    <Filter Include="src">
      <UniqueIdentifier>{bb6c862e-70e9-49d9-81b7-3829a6f50471}</UniqueIdentifier>
    </Filter>
  </ItemGroup>
  <ItemGroup>
    <ClCompile Include="main.cpp">
      <Filter>win32</Filter>
    </ClCompile>
    <ClCompile Include="..\Classes\AppDelegate.cpp">
      <Filter>src</Filter>
    </ClCompile>
    <ClCompile Include="..\Classes\bullet.cpp">
      <Filter>src</Filter>
    </ClCompile>
    <ClCompile Include="..\Classes\GameScene.cpp">
      <Filter>src</Filter>
    </ClCompile>
    <ClCompile Include="..\Classes\GLES-Render.cpp">
      <Filter>src</Filter>
    </ClCompile>
    <ClCompile Include="..\Classes\MyContactListener.cpp">
      <Filter>src</Filter>
    </ClCompile>
    <ClCompile Include="..\Classes\plane.cpp">
      <Filter>src</Filter>
    </ClCompile>
    <ClCompile Include="..\Classes\utils.cpp">
      <Filter>src</Filter>
    </ClCompile>
    <ClCompile Include="..\Classes\VisibleRect.cpp">
      <Filter>src</Filter>
    </ClCompile>
    <ClCompile Include="..\Classes\WelcomeScene.cpp">
      <Filter>src</Filter>
    </ClCompile>
    <ClCompile Include="..\Classes\XmlParser.cpp">
      <Filter>src</Filter>
    </ClCompile>
  </ItemGroup>
  <ItemGroup>
    <ClInclude Include="main.h">
      <Filter>win32</Filter>
    </ClInclude>
    <ClInclude Include="..\Classes\AppDelegate.h">
      <Filter>src</Filter>
    </ClInclude>
    <ClInclude Include="..\Classes\bullet.h">
      <Filter>src</Filter>
    </ClInclude>
    <ClInclude Include="..\Classes\GameScene.h">
      <Filter>src</Filter>
    </ClInclude>
    <ClInclude Include="..\Classes\GLES-Render.h">
      <Filter>src</Filter>
    </ClInclude>
    <ClInclude Include="..\Classes\MyContactListener.h">
      <Filter>src</Filter>
    </ClInclude>
    <ClInclude Include="..\Classes\plane.h">
      <Filter>src</Filter>
    </ClInclude>
    <ClInclude Include="..\Classes\utils.h">
      <Filter>src</Filter>
    </ClInclude>
    <ClInclude Include="..\Classes\VisibleRect.h">
      <Filter>src</Filter>
    </ClInclude>
    <ClInclude Include="..\Classes\WelcomeScene.h">
      <Filter>src</Filter>
    </ClInclude>
    <ClInclude Include="..\Classes\XmlParser.h">
      <Filter>src</Filter>
    </ClInclude>
  </ItemGroup>
  <ItemGroup>
    <ResourceCompile Include="game.rc">
      <Filter>resource</Filter>
    </ResourceCompile>
  </ItemGroup>
  <ItemGroup>
    <None Include="..\Resources\btn_move.plist">
      <Filter>resource</Filter>
    </None>
    <None Include="..\Resources\btn_snow.plist">
      <Filter>resource</Filter>
    </None>
    <None Include="..\Resources\explosion.plist">
      <Filter>resource</Filter>
    </None>
    <None Include="..\Resources\pig.plist">
      <Filter>resource</Filter>
    </None>
    <None Include="..\Resources\resources.plist">
      <Filter>resource</Filter>
    </None>
    <None Include="..\Resources\snow.plist">
      <Filter>resource</Filter>
    </None>
  </ItemGroup>
  <ItemGroup>
    <Image Include="..\Resources\btn_yellow.png">
      <Filter>resource</Filter>
    </Image>
    <Image Include="..\Resources\content_bg.png">
      <Filter>resource</Filter>
    </Image>
    <Image Include="..\Resources\fire.png">
      <Filter>resource</Filter>
    </Image>
    <Image Include="..\Resources\girl.png">
      <Filter>resource</Filter>
    </Image>
    <Image Include="..\Resources\img_bg_1.jpg">
      <Filter>resource</Filter>
    </Image>
    <Image Include="..\Resources\img_bg_2.jpg">
      <Filter>resource</Filter>
    </Image>
    <Image Include="..\Resources\img_bg_3.jpg">
      <Filter>resource</Filter>
    </Image>
    <Image Include="..\Resources\img_bg_4.jpg">
      <Filter>resource</Filter>
    </Image>
    <Image Include="..\Resources\img_bg_5.jpg">
      <Filter>resource</Filter>
    </Image>
    <Image Include="..\Resources\index_bg.jpg">
      <Filter>resource</Filter>
    </Image>
    <Image Include="..\Resources\LOGO.png">
      <Filter>resource</Filter>
    </Image>
    <Image Include="..\Resources\number_large.png">
      <Filter>resource</Filter>
    </Image>
    <Image Include="..\Resources\number_small.png">
      <Filter>resource</Filter>
    </Image>
    <Image Include="..\Resources\pig.png">
      <Filter>resource</Filter>
    </Image>
    <Image Include="..\Resources\purple_base.png">
      <Filter>resource</Filter>
    </Image>
    <Image Include="..\Resources\resources.png">
      <Filter>resource</Filter>
    </Image>
    <Image Include="..\Resources\snow.png">
      <Filter>resource</Filter>
    </Image>
    <Image Include="..\Resources\star.png">
      <Filter>resource</Filter>
    </Image>
    <Image Include="..\Resources\start_game_text.png">
      <Filter>resource</Filter>
    </Image>
  </ItemGroup>
  <ItemGroup>
    <Xml Include="..\Resources\level.xml">
      <Filter>resource</Filter>
    </Xml>
  </ItemGroup>
</Project>